
Microsoft Visual Studio Solution File, Format Version 10.00
# Visual C++ Express 2008
Project("{8BC9CEB8-8B4A-11D0-8D11-00A0C91BC942}") = "polygon drawing", "polygon drawing.vcproj", "{452D4161-C8E7-4953-BB89-C6139C2B0CCF}"
EndProject
Global
	GlobalSection(SolutionConfigurationPlatforms) = preSolution
		Debug|Win32 = Debug|Win32
		Release|Win32 = Release|Win32
	EndGlobalSection
	GlobalSection(ProjectConfigurationPlatforms) = postSolution
		{452D4161-C8E7-4953-BB89-C6139C2B0CCF}.Debug|Win32.ActiveCfg = Debug|Win32
		{452D4161-C8E7-4953-BB89-C6139C2B0CCF}.Debug|Win32.Build.0 = Debug|Win32
		{452D4161-C8E7-4953-BB89-C6139C2B0CCF}.Release|Win32.ActiveCfg = Release|Win32
		{452D4161-C8E7-4953-BB89-C6139C2B0CCF}.Release|Win32.Build.0 = Release|Win32
	EndGlobalSection
	GlobalSection(SolutionProperties) = preSolution
		HideSolutionNode = FALSE
	EndGlobalSection
EndGlobal
